PODS:
  - FBRetainCycleDetector (0.1.4)

DEPENDENCIES:
  - FBRetainCycleDetector

SPEC REPOS:
  https://cdn.cocoapods.org/:
    - FBRetainCycleDetector

SPEC CHECKSUMS:
  FBRetainCycleDetector: 46f8179bbb1c587deee3ea838a1a3ee02acf5015

PODFILE CHECKSUM: 57a4d926468e7673796ebf43c2ae8a171756a25e

COCOAPODS: 1.8.4
